
Microsoft Visual Studio Solution File, Format Version 12.00
# Visual Studio Version 17
VisualStudioVersion = 17.8.34330.188
MinimumVisualStudioVersion = 10.0.40219.1
Project("{FAE04EC0-301F-11D3-BF4B-00C04F79EFBC}") = "ConsoleApp2", "ConsoleApp2\ConsoleApp2.csproj", "{EAF4883D-5D51-40EE-9698-55F98C731C4E}"
EndProject
Global
	GlobalSection(SolutionConfigurationPlatforms) = preSolution
		Debug|Any CPU = Debug|Any CPU
		Release|Any CPU = Release|Any CPU
	EndGlobalSection
	GlobalSection(ProjectConfigurationPlatforms) = postSolution
		{EAF4883D-5D51-40EE-9698-55F98C731C4E}.Debug|Any CPU.ActiveCfg = Debug|Any CPU
		{EAF4883D-5D51-40EE-9698-55F98C731C4E}.Debug|Any CPU.Build.0 = Debug|Any CPU
		{EAF4883D-5D51-40EE-9698-55F98C731C4E}.Release|Any CPU.ActiveCfg = Release|Any CPU
		{EAF4883D-5D51-40EE-9698-55F98C731C4E}.Release|Any CPU.Build.0 = Release|Any CPU
	EndGlobalSection
	GlobalSection(SolutionProperties) = preSolution
		HideSolutionNode = FALSE
	EndGlobalSection
	GlobalSection(ExtensibilityGlobals) = postSolution
		SolutionGuid = {C6287DD1-C70C-42CD-9559-223668D72075}
	EndGlobalSection
EndGlobal
